
Microsoft Visual Studio Solution File, Format Version 11.00
# Visual Studio 2010
Project("{FAE04EC0-301F-11D3-BF4B-00C04F79EFBC}") = "PlayMode", "PlayMode.csproj", "{4C9D5C27-00B2-6059-892A-F62D169F29D4}"
EndProject
Project("{FAE04EC0-301F-11D3-BF4B-00C04F79EFBC}") = "GameAssembly", "GameAssembly.csproj", "{91A29549-B2C7-955A-143A-2588295DA4FD}"
EndProject
Project("{FAE04EC0-301F-11D3-BF4B-00C04F79EFBC}") = "ContentValidation", "ContentValidation.csproj", "{3E510A6D-5133-3164-D8C1-F8217861BCE8}"
EndProject
Project("{FAE04EC0-301F-11D3-BF4B-00C04F79EFBC}") = "EditMode", "EditMode.csproj", "{DC063E3E-C4F5-6CAE-A79E-5E970EAF5647}"
EndProject
Global
	GlobalSection(SolutionConfigurationPlatforms) = preSolution
		Debug|Any CPU = Debug|Any CPU
		Release|Any CPU = Release|Any CPU
	EndGlobalSection
	GlobalSection(ProjectConfigurationPlatforms) = postSolution
		{4C9D5C27-00B2-6059-892A-F62D169F29D4}.Debug|Any CPU.ActiveCfg = Debug|Any CPU
		{4C9D5C27-00B2-6059-892A-F62D169F29D4}.Debug|Any CPU.Build.0 = Debug|Any CPU
		{4C9D5C27-00B2-6059-892A-F62D169F29D4}.Release|Any CPU.ActiveCfg = Release|Any CPU
		{4C9D5C27-00B2-6059-892A-F62D169F29D4}.Release|Any CPU.Build.0 = Release|Any CPU
		{91A29549-B2C7-955A-143A-2588295DA4FD}.Debug|Any CPU.ActiveCfg = Debug|Any CPU
		{91A29549-B2C7-955A-143A-2588295DA4FD}.Debug|Any CPU.Build.0 = Debug|Any CPU
		{91A29549-B2C7-955A-143A-2588295DA4FD}.Release|Any CPU.ActiveCfg = Release|Any CPU
		{91A29549-B2C7-955A-143A-2588295DA4FD}.Release|Any CPU.Build.0 = Release|Any CPU
		{3E510A6D-5133-3164-D8C1-F8217861BCE8}.Debug|Any CPU.ActiveCfg = Debug|Any CPU
		{3E510A6D-5133-3164-D8C1-F8217861BCE8}.Debug|Any CPU.Build.0 = Debug|Any CPU
		{3E510A6D-5133-3164-D8C1-F8217861BCE8}.Release|Any CPU.ActiveCfg = Release|Any CPU
		{3E510A6D-5133-3164-D8C1-F8217861BCE8}.Release|Any CPU.Build.0 = Release|Any CPU
		{DC063E3E-C4F5-6CAE-A79E-5E970EAF5647}.Debug|Any CPU.ActiveCfg = Debug|Any CPU
		{DC063E3E-C4F5-6CAE-A79E-5E970EAF5647}.Debug|Any CPU.Build.0 = Debug|Any CPU
		{DC063E3E-C4F5-6CAE-A79E-5E970EAF5647}.Release|Any CPU.ActiveCfg = Release|Any CPU
		{DC063E3E-C4F5-6CAE-A79E-5E970EAF5647}.Release|Any CPU.Build.0 = Release|Any CPU
	EndGlobalSection
	GlobalSection(SolutionProperties) = preSolution
		HideSolutionNode = FALSE
	EndGlobalSection
EndGlobal
